<Solution>
  <Folder Name="/Aspire/">
    <Project Path="LinqStudio.AppHost/LinqStudio.AppHost.csproj" Id="41f8b7ca-2410-47d1-a684-41317737df09" />
    <Project Path="LinqStudio.ServiceDefaults/LinqStudio.ServiceDefaults.csproj" />
  </Folder>
  <Project Path="LinqStudio.App.WebServer/LinqStudio.App.WebServer.csproj" />
  <Project Path="LinqStudio.Blazor/LinqStudio.Blazor.csproj" />
  <Project Path="LinqStudio.Core/LinqStudio.Core.csproj" Id="1b217e6d-11d2-4b80-be0b-5b1e6aedffd4" />
</Solution>
